// !$*UTF8*$!
{
	archiveVersion = 1;
	classes = {
	};
	objectVersion = 70;
	objects = {

/* Begin PBXBuildFile section */
		F200972B2CC8FD28009C328A /* SettingsRowView.swift in Sources */ = {isa = PBXBuildFile; fileRef = F20097282CC8FD28009C328A /* SettingsRowView.swift */; };
		F200972E2CC8FD40009C328A /* UserAvatar.swift in Sources */ = {isa = PBXBuildFile; fileRef = F200972C2CC8FD40009C328A /* UserAvatar.swift */; };
		F20097362CC8FDB2009C328A /* UserDefaultsProvider.swift in Sources */ = {isa = PBXBuildFile; fileRef = F20097342CC8FDB2009C328A /* UserDefaultsProvider.swift */; };
		F25D64C02B5656E1004D7F63 /* ProfileView.swift in Sources */ = {isa = PBXBuildFile; fileRef = F25D64BF2B5656E1004D7F63 /* ProfileView.swift */; };
		F25D64C42B565AA7004D7F63 /* User.swift in Sources */ = {isa = PBXBuildFile; fileRef = F25D64C32B565AA7004D7F63 /* User.swift */; };
		F25D64C62B565FBF004D7F63 /* GoogleService-Info.plist in Resources */ = {isa = PBXBuildFile; fileRef = F25D64C52B565FBF004D7F63 /* GoogleService-Info.plist */; };
		F25D64C92B5665E7004D7F63 /* FirebaseAuth in Frameworks */ = {isa = PBXBuildFile; productRef = F25D64C82B5665E7004D7F63 /* FirebaseAuth */; };
		F25D64CB2B5665E7004D7F63 /* FirebaseFirestore in Frameworks */ = {isa = PBXBuildFile; productRef = F25D64CA2B5665E7004D7F63 /* FirebaseFirestore */; };
		F25D64CD2B5665E7004D7F63 /* FirebaseFirestoreSwift in Frameworks */ = {isa = PBXBuildFile; productRef = F25D64CC2B5665E7004D7F63 /* FirebaseFirestoreSwift */; };
		F25D64CF2B5665E7004D7F63 /* FirebaseStorage in Frameworks */ = {isa = PBXBuildFile; productRef = F25D64CE2B5665E7004D7F63 /* FirebaseStorage */; };
		F27E15012B5507DC00826709 /* FirebaseAuthApp.swift in Sources */ = {isa = PBXBuildFile; fileRef = F27E15002B5507DC00826709 /* FirebaseAuthApp.swift */; };
		F27E15032B5507DC00826709 /* ContentView.swift in Sources */ = {isa = PBXBuildFile; fileRef = F27E15022B5507DC00826709 /* ContentView.swift */; };
		F27E15082B5507DE00826709 /* Preview Assets.xcassets in Resources */ = {isa = PBXBuildFile; fileRef = F27E15072B5507DE00826709 /* Preview Assets.xcassets */; };
/* End PBXBuildFile section */

/* Begin PBXFileReference section */
		F20097282CC8FD28009C328A /* SettingsRowView.swift */ = {isa = PBXFileReference; fileEncoding = 4; lastKnownFileType = sourcecode.swift; path = SettingsRowView.swift; sourceTree = "<group>"; };
		F200972C2CC8FD40009C328A /* UserAvatar.swift */ = {isa = PBXFileReference; fileEncoding = 4; lastKnownFileType = sourcecode.swift; path = UserAvatar.swift; sourceTree = "<group>"; };
		F20097342CC8FDB2009C328A /* UserDefaultsProvider.swift */ = {isa = PBXFileReference; fileEncoding = 4; lastKnownFileType = sourcecode.swift; path = UserDefaultsProvider.swift; sourceTree = "<group>"; };
		F25D64BF2B5656E1004D7F63 /* ProfileView.swift */ = {isa = PBXFileReference; lastKnownFileType = sourcecode.swift; path = ProfileView.swift; sourceTree = "<group>"; };
		F25D64C32B565AA7004D7F63 /* User.swift */ = {isa = PBXFileReference; lastKnownFileType = sourcecode.swift; path = User.swift; sourceTree = "<group>"; };
		F25D64C52B565FBF004D7F63 /* GoogleService-Info.plist */ = {isa = PBXFileReference; lastKnownFileType = text.plist; path = "GoogleService-Info.plist"; sourceTree = SOURCE_ROOT; };
		F27E14FD2B5507DC00826709 /* FirebaseAuth-foo.app */ = {isa = PBXFileReference; explicitFileType = wrapper.application; includeInIndex = 0; path = "FirebaseAuth-foo.app"; sourceTree = BUILT_PRODUCTS_DIR; };
		F27E15002B5507DC00826709 /* FirebaseAuthApp.swift */ = {isa = PBXFileReference; lastKnownFileType = sourcecode.swift; path = FirebaseAuthApp.swift; sourceTree = "<group>"; };
		F27E15022B5507DC00826709 /* ContentView.swift */ = {isa = PBXFileReference; lastKnownFileType = sourcecode.swift; path = ContentView.swift; sourceTree = "<group>"; };
		F27E15072B5507DE00826709 /* Preview Assets.xcassets */ = {isa = PBXFileReference; lastKnownFileType = folder.assetcatalog; path = "Preview Assets.xcassets"; sourceTree = "<group>"; };
/* End PBXFileReference section */

/* Begin PBXFileSystemSynchronizedRootGroup section */
		F2A0678B2ED87E1A00084EF1 /* LoginModule */ = {isa = PBXFileSystemSynchronizedRootGroup; explicitFileTypes = {}; explicitFolders = (); path = LoginModule; sourceTree = "<group>"; };
/* End PBXFileSystemSynchronizedRootGroup section */

/* Begin PBXFrameworksBuildPhase section */
		F27E14FA2B5507DC00826709 /* Frameworks */ = {
			isa = PBXFrameworksBuildPhase;
			buildActionMask = 2147483647;
			files = (
				F25D64C92B5665E7004D7F63 /* FirebaseAuth in Frameworks */,
				F25D64CF2B5665E7004D7F63 /* FirebaseStorage in Frameworks */,
				F25D64CB2B5665E7004D7F63 /* FirebaseFirestore in Frameworks */,
				F25D64CD2B5665E7004D7F63 /* FirebaseFirestoreSwift in Frameworks */,
			);
			runOnlyForDeploymentPostprocessing = 0;
		};
/* End PBXFrameworksBuildPhase section */

/* Begin PBXGroup section */
		F20097112CC8FC3D009C328A /* Resources */ = {
			isa = PBXGroup;
			children = (
			);
			path = Resources;
			sourceTree = "<group>";
		};
		F200971A2CC8FCA9009C328A /* Common */ = {
			isa = PBXGroup;
			children = (
				F24A5FA92CC8FEC100A8FAED /* Constants */,
				F20097202CC8FCC7009C328A /* Extensions */,
				F24A5FB62CC8FFF900A8FAED /* Modifiers */,
				F20097352CC8FDB2009C328A /* Storage */,
				F20097322CC8FDA0009C328A /* Utils */,
				F27E150F2B55081400826709 /* Views */,
			);
			path = Common;
			sourceTree = "<group>";
		};
		F20097202CC8FCC7009C328A /* Extensions */ = {
			isa = PBXGroup;
			children = (
			);
			path = Extensions;
			sourceTree = "<group>";
		};
		F200972D2CC8FD40009C328A /* Components */ = {
			isa = PBXGroup;
			children = (
				F200972C2CC8FD40009C328A /* UserAvatar.swift */,
			);
			path = Components;
			sourceTree = "<group>";
		};
		F20097322CC8FDA0009C328A /* Utils */ = {
			isa = PBXGroup;
			children = (
			);
			path = Utils;
			sourceTree = "<group>";
		};
		F20097352CC8FDB2009C328A /* Storage */ = {
			isa = PBXGroup;
			children = (
				F20097342CC8FDB2009C328A /* UserDefaultsProvider.swift */,
			);
			path = Storage;
			sourceTree = "<group>";
		};
		F200973C2CC8FE0C009C328A /* Service */ = {
			isa = PBXGroup;
			children = (
				F27E15132B55082E00826709 /* Model */,
				F2A04B982ED60CE400084EF1 /* Persistency */,
			);
			path = Service;
			sourceTree = "<group>";
		};
		F24A5FA92CC8FEC100A8FAED /* Constants */ = {
			isa = PBXGroup;
			children = (
			);
			path = Constants;
			sourceTree = "<group>";
		};
		F24A5FB62CC8FFF900A8FAED /* Modifiers */ = {
			isa = PBXGroup;
			children = (
			);
			path = Modifiers;
			sourceTree = "<group>";
		};
		F25D64D02B56A851004D7F63 /* View */ = {
			isa = PBXGroup;
			children = (
			);
			path = View;
			sourceTree = "<group>";
		};
		F25D64D12B56A85F004D7F63 /* ViewModel */ = {
			isa = PBXGroup;
			children = (
			);
			path = ViewModel;
			sourceTree = "<group>";
		};
		F27E14F42B5507DC00826709 = {
			isa = PBXGroup;
			children = (
				F27E14FF2B5507DC00826709 /* FirebaseAuth */,
				F27E14FE2B5507DC00826709 /* Products */,
			);
			sourceTree = "<group>";
		};
		F27E14FE2B5507DC00826709 /* Products */ = {
			isa = PBXGroup;
			children = (
				F27E14FD2B5507DC00826709 /* FirebaseAuth-foo.app */,
			);
			name = Products;
			sourceTree = "<group>";
		};
		F27E14FF2B5507DC00826709 /* FirebaseAuth */ = {
			isa = PBXGroup;
			children = (
				F2A0678B2ED87E1A00084EF1 /* LoginModule */,
				F27E150E2B5507FF00826709 /* App */,
				F200971A2CC8FCA9009C328A /* Common */,
				F27E15142B55083100826709 /* Core */,
				F200973C2CC8FE0C009C328A /* Service */,
				F20097112CC8FC3D009C328A /* Resources */,
				F25D64C52B565FBF004D7F63 /* GoogleService-Info.plist */,
				F27E15062B5507DE00826709 /* Preview Content */,
			);
			path = FirebaseAuth;
			sourceTree = "<group>";
		};
		F27E15062B5507DE00826709 /* Preview Content */ = {
			isa = PBXGroup;
			children = (
				F27E15072B5507DE00826709 /* Preview Assets.xcassets */,
			);
			path = "Preview Content";
			sourceTree = "<group>";
		};
		F27E150E2B5507FF00826709 /* App */ = {
			isa = PBXGroup;
			children = (
				F27E15002B5507DC00826709 /* FirebaseAuthApp.swift */,
			);
			path = App;
			sourceTree = "<group>";
		};
		F27E150F2B55081400826709 /* Views */ = {
			isa = PBXGroup;
			children = (
				F20097282CC8FD28009C328A /* SettingsRowView.swift */,
			);
			path = Views;
			sourceTree = "<group>";
		};
		F27E15132B55082E00826709 /* Model */ = {
			isa = PBXGroup;
			children = (
				F25D64C32B565AA7004D7F63 /* User.swift */,
			);
			path = Model;
			sourceTree = "<group>";
		};
		F27E15142B55083100826709 /* Core */ = {
			isa = PBXGroup;
			children = (
				F27E15162B55087A00826709 /* Authentication */,
				F27E15172B55088500826709 /* Profile */,
				F27E15152B55086800826709 /* Root */,
			);
			path = Core;
			sourceTree = "<group>";
		};
		F27E15152B55086800826709 /* Root */ = {
			isa = PBXGroup;
			children = (
				F27E15022B5507DC00826709 /* ContentView.swift */,
			);
			path = Root;
			sourceTree = "<group>";
		};
		F27E15162B55087A00826709 /* Authentication */ = {
			isa = PBXGroup;
			children = (
				F25D64D02B56A851004D7F63 /* View */,
				F25D64D12B56A85F004D7F63 /* ViewModel */,
			);
			path = Authentication;
			sourceTree = "<group>";
		};
		F27E15172B55088500826709 /* Profile */ = {
			isa = PBXGroup;
			children = (
				F200972D2CC8FD40009C328A /* Components */,
				F25D64BF2B5656E1004D7F63 /* ProfileView.swift */,
			);
			path = Profile;
			sourceTree = "<group>";
		};
		F2A04B982ED60CE400084EF1 /* Persistency */ = {
			isa = PBXGroup;
			children = (
			);
			path = Persistency;
			sourceTree = "<group>";
		};
/* End PBXGroup section */

/* Begin PBXNativeTarget section */
		F27E14FC2B5507DC00826709 /* FirebaseAuth-foo */ = {
			isa = PBXNativeTarget;
			buildConfigurationList = F27E150B2B5507DE00826709 /* Build configuration list for PBXNativeTarget "FirebaseAuth-foo" */;
			buildPhases = (
				F27E14F92B5507DC00826709 /* Sources */,
				F27E14FA2B5507DC00826709 /* Frameworks */,
				F27E14FB2B5507DC00826709 /* Resources */,
			);
			buildRules = (
			);
			dependencies = (
			);
			fileSystemSynchronizedGroups = (
				F2A0678B2ED87E1A00084EF1 /* LoginModule */,
			);
			name = "FirebaseAuth-foo";
			packageProductDependencies = (
				F25D64C82B5665E7004D7F63 /* FirebaseAuth */,
				F25D64CA2B5665E7004D7F63 /* FirebaseFirestore */,
				F25D64CC2B5665E7004D7F63 /* FirebaseFirestoreSwift */,
				F25D64CE2B5665E7004D7F63 /* FirebaseStorage */,
			);
			productName = FirebaseAuth;
			productReference = F27E14FD2B5507DC00826709 /* FirebaseAuth-foo.app */;
			productType = "com.apple.product-type.application";
		};
/* End PBXNativeTarget section */

/* Begin PBXProject section */
		F27E14F52B5507DC00826709 /* Project object */ = {
			isa = PBXProject;
			attributes = {
				BuildIndependentTargetsInParallel = 1;
				LastSwiftUpdateCheck = 1430;
				LastUpgradeCheck = 1430;
				TargetAttributes = {
					F27E14FC2B5507DC00826709 = {
						CreatedOnToolsVersion = 14.3;
					};
				};
			};
			buildConfigurationList = F27E14F82B5507DC00826709 /* Build configuration list for PBXProject "FirebaseAuth" */;
			compatibilityVersion = "Xcode 14.0";
			developmentRegion = en;
			hasScannedForEncodings = 0;
			knownRegions = (
				en,
				Base,
				es,
			);
			mainGroup = F27E14F42B5507DC00826709;
			packageReferences = (
				F25D64C72B5665E7004D7F63 /* XCRemoteSwiftPackageReference "firebase-ios-sdk" */,
			);
			productRefGroup = F27E14FE2B5507DC00826709 /* Products */;
			projectDirPath = "";
			projectRoot = "";
			targets = (
				F27E14FC2B5507DC00826709 /* FirebaseAuth-foo */,
			);
		};
/* End PBXProject section */

/* Begin PBXResourcesBuildPhase section */
		F27E14FB2B5507DC00826709 /* Resources */ = {
			isa = PBXResourcesBuildPhase;
			buildActionMask = 2147483647;
			files = (
				F27E15082B5507DE00826709 /* Preview Assets.xcassets in Resources */,
				F25D64C62B565FBF004D7F63 /* GoogleService-Info.plist in Resources */,
			);
			runOnlyForDeploymentPostprocessing = 0;
		};
/* End PBXResourcesBuildPhase section */

/* Begin PBXSourcesBuildPhase section */
		F27E14F92B5507DC00826709 /* Sources */ = {
			isa = PBXSourcesBuildPhase;
			buildActionMask = 2147483647;
			files = (
				F20097362CC8FDB2009C328A /* UserDefaultsProvider.swift in Sources */,
				F200972B2CC8FD28009C328A /* SettingsRowView.swift in Sources */,
				F27E15032B5507DC00826709 /* ContentView.swift in Sources */,
				F27E15012B5507DC00826709 /* FirebaseAuthApp.swift in Sources */,
				F200972E2CC8FD40009C328A /* UserAvatar.swift in Sources */,
				F25D64C42B565AA7004D7F63 /* User.swift in Sources */,
				F25D64C02B5656E1004D7F63 /* ProfileView.swift in Sources */,
			);
			runOnlyForDeploymentPostprocessing = 0;
		};
/* End PBXSourcesBuildPhase section */

/* Begin XCBuildConfiguration section */
		F27E15092B5507DE00826709 /* Debug */ = {
			isa = XCBuildConfiguration;
			buildSettings = {
				ALWAYS_SEARCH_USER_PATHS = NO;
				CLANG_ANALYZER_NONNULL = YES;
				CLANG_ANALYZER_NUMBER_OBJECT_CONVERSION = YES_AGGRESSIVE;
				CLANG_CXX_LANGUAGE_STANDARD = "gnu++20";
				CLANG_ENABLE_MODULES = YES;
				CLANG_ENABLE_OBJC_ARC = YES;
				CLANG_ENABLE_OBJC_WEAK = YES;
				CLANG_WARN_BLOCK_CAPTURE_AUTORELEASING = YES;
				CLANG_WARN_BOOL_CONVERSION = YES;
				CLANG_WARN_COMMA = YES;
				CLANG_WARN_CONSTANT_CONVERSION = YES;
				CLANG_WARN_DEPRECATED_OBJC_IMPLEMENTATIONS = YES;
				CLANG_WARN_DIRECT_OBJC_ISA_USAGE = YES_ERROR;
				CLANG_WARN_DOCUMENTATION_COMMENTS = YES;
				CLANG_WARN_EMPTY_BODY = YES;
				CLANG_WARN_ENUM_CONVERSION = YES;
				CLANG_WARN_INFINITE_RECURSION = YES;
				CLANG_WARN_INT_CONVERSION = YES;
				CLANG_WARN_NON_LITERAL_NULL_CONVERSION = YES;
				CLANG_WARN_OBJC_IMPLICIT_RETAIN_SELF = YES;
				CLANG_WARN_OBJC_LITERAL_CONVERSION = YES;
				CLANG_WARN_OBJC_ROOT_CLASS = YES_ERROR;
				CLANG_WARN_QUOTED_INCLUDE_IN_FRAMEWORK_HEADER = YES;
				CLANG_WARN_RANGE_LOOP_ANALYSIS = YES;
				CLANG_WARN_STRICT_PROTOTYPES = YES;
				CLANG_WARN_SUSPICIOUS_MOVE = YES;
				CLANG_WARN_UNGUARDED_AVAILABILITY = YES_AGGRESSIVE;
				CLANG_WARN_UNREACHABLE_CODE = YES;
				CLANG_WARN__DUPLICATE_METHOD_MATCH = YES;
				COPY_PHASE_STRIP = NO;
				DEBUG_INFORMATION_FORMAT = dwarf;
				ENABLE_STRICT_OBJC_MSGSEND = YES;
				ENABLE_TESTABILITY = YES;
				GCC_C_LANGUAGE_STANDARD = gnu11;
				GCC_DYNAMIC_NO_PIC = NO;
				GCC_NO_COMMON_BLOCKS = YES;
				GCC_OPTIMIZATION_LEVEL = 0;
				GCC_PREPROCESSOR_DEFINITIONS = (
					"DEBUG=1",
					"$(inherited)",
				);
				GCC_WARN_64_TO_32_BIT_CONVERSION = YES;
				GCC_WARN_ABOUT_RETURN_TYPE = YES_ERROR;
				GCC_WARN_UNDECLARED_SELECTOR = YES;
				GCC_WARN_UNINITIALIZED_AUTOS = YES_AGGRESSIVE;
				GCC_WARN_UNUSED_FUNCTION = YES;
				GCC_WARN_UNUSED_VARIABLE = YES;
				IPHONEOS_DEPLOYMENT_TARGET = 16.4;
				MTL_ENABLE_DEBUG_INFO = INCLUDE_SOURCE;
				MTL_FAST_MATH = YES;
				ONLY_ACTIVE_ARCH = YES;
				SDKROOT = iphoneos;
				SWIFT_ACTIVE_COMPILATION_CONDITIONS = DEBUG;
				SWIFT_OPTIMIZATION_LEVEL = "-Onone";
			};
			name = Debug;
		};
		F27E150A2B5507DE00826709 /* Release */ = {
			isa = XCBuildConfiguration;
			buildSettings = {
				ALWAYS_SEARCH_USER_PATHS = NO;
				CLANG_ANALYZER_NONNULL = YES;
				CLANG_ANALYZER_NUMBER_OBJECT_CONVERSION = YES_AGGRESSIVE;
				CLANG_CXX_LANGUAGE_STANDARD = "gnu++20";
				CLANG_ENABLE_MODULES = YES;
				CLANG_ENABLE_OBJC_ARC = YES;
				CLANG_ENABLE_OBJC_WEAK = YES;
				CLANG_WARN_BLOCK_CAPTURE_AUTORELEASING = YES;
				CLANG_WARN_BOOL_CONVERSION = YES;
				CLANG_WARN_COMMA = YES;
				CLANG_WARN_CONSTANT_CONVERSION = YES;
				CLANG_WARN_DEPRECATED_OBJC_IMPLEMENTATIONS = YES;
				CLANG_WARN_DIRECT_OBJC_ISA_USAGE = YES_ERROR;
				CLANG_WARN_DOCUMENTATION_COMMENTS = YES;
				CLANG_WARN_EMPTY_BODY = YES;
				CLANG_WARN_ENUM_CONVERSION = YES;
				CLANG_WARN_INFINITE_RECURSION = YES;
				CLANG_WARN_INT_CONVERSION = YES;
				CLANG_WARN_NON_LITERAL_NULL_CONVERSION = YES;
				CLANG_WARN_OBJC_IMPLICIT_RETAIN_SELF = YES;
				CLANG_WARN_OBJC_LITERAL_CONVERSION = YES;
				CLANG_WARN_OBJC_ROOT_CLASS = YES_ERROR;
				CLANG_WARN_QUOTED_INCLUDE_IN_FRAMEWORK_HEADER = YES;
				CLANG_WARN_RANGE_LOOP_ANALYSIS = YES;
				CLANG_WARN_STRICT_PROTOTYPES = YES;
				CLANG_WARN_SUSPICIOUS_MOVE = YES;
				CLANG_WARN_UNGUARDED_AVAILABILITY = YES_AGGRESSIVE;
				CLANG_WARN_UNREACHABLE_CODE = YES;
				CLANG_WARN__DUPLICATE_METHOD_MATCH = YES;
				COPY_PHASE_STRIP = NO;
				DEBUG_INFORMATION_FORMAT = "dwarf-with-dsym";
				ENABLE_NS_ASSERTIONS = NO;
				ENABLE_STRICT_OBJC_MSGSEND = YES;
				GCC_C_LANGUAGE_STANDARD = gnu11;
				GCC_NO_COMMON_BLOCKS = YES;
				GCC_WARN_64_TO_32_BIT_CONVERSION = YES;
				GCC_WARN_ABOUT_RETURN_TYPE = YES_ERROR;
				GCC_WARN_UNDECLARED_SELECTOR = YES;
				GCC_WARN_UNINITIALIZED_AUTOS = YES_AGGRESSIVE;
				GCC_WARN_UNUSED_FUNCTION = YES;
				GCC_WARN_UNUSED_VARIABLE = YES;
				IPHONEOS_DEPLOYMENT_TARGET = 16.4;
				MTL_ENABLE_DEBUG_INFO = NO;
				MTL_FAST_MATH = YES;
				SDKROOT = iphoneos;
				SWIFT_COMPILATION_MODE = wholemodule;
				SWIFT_OPTIMIZATION_LEVEL = "-O";
				VALIDATE_PRODUCT = YES;
			};
			name = Release;
		};
		F27E150C2B5507DE00826709 /* Debug */ = {
			isa = XCBuildConfiguration;
			buildSettings = {
				ASSETCATALOG_COMPILER_APPICON_NAME = AppIcon;
				ASSETCATALOG_COMPILER_GLOBAL_ACCENT_COLOR_NAME = AccentColor;
				CODE_SIGN_STYLE = Automatic;
				CURRENT_PROJECT_VERSION = 1;
				DEVELOPMENT_ASSET_PATHS = "\"FirebaseAuth/Preview Content\"";
				DEVELOPMENT_TEAM = 268R4A74SL;
				ENABLE_PREVIEWS = YES;
				GENERATE_INFOPLIST_FILE = YES;
				INFOPLIST_KEY_UIApplicationSceneManifest_Generation = YES;
				INFOPLIST_KEY_UIApplicationSupportsIndirectInputEvents = YES;
				INFOPLIST_KEY_UILaunchScreen_Generation = YES;
				INFOPLIST_KEY_UISupportedInterfaceOrientations_iPad = "UIInterfaceOrientationPortrait UIInterfaceOrientationPortraitUpsideDown UIInterfaceOrientationLandscapeLeft UIInterfaceOrientationLandscapeRight";
				INFOPLIST_KEY_UISupportedInterfaceOrientations_iPhone = "UIInterfaceOrientationPortrait UIInterfaceOrientationLandscapeLeft UIInterfaceOrientationLandscapeRight";
				LD_RUNPATH_SEARCH_PATHS = (
					"$(inherited)",
					"@executable_path/Frameworks",
				);
				MARKETING_VERSION = 1.0;
				PRODUCT_BUNDLE_IDENTIFIER = com.pablocaraballogomez.FirebaseAuth;
				PRODUCT_NAME = "$(TARGET_NAME)";
				SWIFT_EMIT_LOC_STRINGS = YES;
				SWIFT_VERSION = 5.0;
				TARGETED_DEVICE_FAMILY = "1,2";
			};
			name = Debug;
		};
		F27E150D2B5507DE00826709 /* Release */ = {
			isa = XCBuildConfiguration;
			buildSettings = {
				ASSETCATALOG_COMPILER_APPICON_NAME = AppIcon;
				ASSETCATALOG_COMPILER_GLOBAL_ACCENT_COLOR_NAME = AccentColor;
				CODE_SIGN_STYLE = Automatic;
				CURRENT_PROJECT_VERSION = 1;
				DEVELOPMENT_ASSET_PATHS = "\"FirebaseAuth/Preview Content\"";
				DEVELOPMENT_TEAM = 268R4A74SL;
				ENABLE_PREVIEWS = YES;
				GENERATE_INFOPLIST_FILE = YES;
				INFOPLIST_KEY_UIApplicationSceneManifest_Generation = YES;
				INFOPLIST_KEY_UIApplicationSupportsIndirectInputEvents = YES;
				INFOPLIST_KEY_UILaunchScreen_Generation = YES;
				INFOPLIST_KEY_UISupportedInterfaceOrientations_iPad = "UIInterfaceOrientationPortrait UIInterfaceOrientationPortraitUpsideDown UIInterfaceOrientationLandscapeLeft UIInterfaceOrientationLandscapeRight";
				INFOPLIST_KEY_UISupportedInterfaceOrientations_iPhone = "UIInterfaceOrientationPortrait UIInterfaceOrientationLandscapeLeft UIInterfaceOrientationLandscapeRight";
				LD_RUNPATH_SEARCH_PATHS = (
					"$(inherited)",
					"@executable_path/Frameworks",
				);
				MARKETING_VERSION = 1.0;
				PRODUCT_BUNDLE_IDENTIFIER = com.pablocaraballogomez.FirebaseAuth;
				PRODUCT_NAME = "$(TARGET_NAME)";
				SWIFT_EMIT_LOC_STRINGS = YES;
				SWIFT_VERSION = 5.0;
				TARGETED_DEVICE_FAMILY = "1,2";
			};
			name = Release;
		};
/* End XCBuildConfiguration section */

/* Begin XCConfigurationList section */
		F27E14F82B5507DC00826709 /* Build configuration list for PBXProject "FirebaseAuth" */ = {
			isa = XCConfigurationList;
			buildConfigurations = (
				F27E15092B5507DE00826709 /* Debug */,
				F27E150A2B5507DE00826709 /* Release */,
			);
			defaultConfigurationIsVisible = 0;
			defaultConfigurationName = Release;
		};
		F27E150B2B5507DE00826709 /* Build configuration list for PBXNativeTarget "FirebaseAuth-foo" */ = {
			isa = XCConfigurationList;
			buildConfigurations = (
				F27E150C2B5507DE00826709 /* Debug */,
				F27E150D2B5507DE00826709 /* Release */,
			);
			defaultConfigurationIsVisible = 0;
			defaultConfigurationName = Release;
		};
/* End XCConfigurationList section */

/* Begin XCRemoteSwiftPackageReference section */
		F25D64C72B5665E7004D7F63 /* XCRemoteSwiftPackageReference "firebase-ios-sdk" */ = {
			isa = XCRemoteSwiftPackageReference;
			repositoryURL = "https://github.com/firebase/firebase-ios-sdk";
			requirement = {
				kind = upToNextMajorVersion;
				minimumVersion = 10.0.0;
			};
		};
/* End XCRemoteSwiftPackageReference section */

/* Begin XCSwiftPackageProductDependency section */
		F25D64C82B5665E7004D7F63 /* FirebaseAuth */ = {
			isa = XCSwiftPackageProductDependency;
			package = F25D64C72B5665E7004D7F63 /* XCRemoteSwiftPackageReference "firebase-ios-sdk" */;
			productName = FirebaseAuth;
		};
		F25D64CA2B5665E7004D7F63 /* FirebaseFirestore */ = {
			isa = XCSwiftPackageProductDependency;
			package = F25D64C72B5665E7004D7F63 /* XCRemoteSwiftPackageReference "firebase-ios-sdk" */;
			productName = FirebaseFirestore;
		};
		F25D64CC2B5665E7004D7F63 /* FirebaseFirestoreSwift */ = {
			isa = XCSwiftPackageProductDependency;
			package = F25D64C72B5665E7004D7F63 /* XCRemoteSwiftPackageReference "firebase-ios-sdk" */;
			productName = FirebaseFirestoreSwift;
		};
		F25D64CE2B5665E7004D7F63 /* FirebaseStorage */ = {
			isa = XCSwiftPackageProductDependency;
			package = F25D64C72B5665E7004D7F63 /* XCRemoteSwiftPackageReference "firebase-ios-sdk" */;
			productName = FirebaseStorage;
		};
/* End XCSwiftPackageProductDependency section */
	};
	rootObject = F27E14F52B5507DC00826709 /* Project object */;
}
